# Comfy Complete - Version Lock
#
# Authoritative source for ComfyUI core, frontend, and workflow-template refs
# bundled in this distribution. Consumers (cloud, local installs, downstream
# builds) read these refs to clone matching ComfyUI components.
#
# Bumping a ref here is a deliberate PR — same review surface as a go.mod bump.

pinned:
  comfyui:
    ref: v0.21.1

  comfyui_frontend_package:
    ref: 1.43.18

  comfyui_workflow_templates:
    ref: 0.9.75
